
Microsoft Visual Studio Solution File, Format Version 12.00
# Visual Studio Version 17
VisualStudioVersion = 17.11.35219.272
MinimumVisualStudioVersion = 10.0.40219.1
Project("{9A19103F-16F7-4668-BE54-9A1E7A4F7556}") = "TestTask", "TestTask\TestTask.csproj", "{CE360CA6-82A0-4032-A910-C487F49267A9}"
EndProject
Project("{9A19103F-16F7-4668-BE54-9A1E7A4F7556}") = "TestTask.Application", "TestTask.Application\TestTask.Application.csproj", "{18287CE4-F15B-43AB-AD90-0A4D14779EA1}"
EndProject
Project("{9A19103F-16F7-4668-BE54-9A1E7A4F7556}") = "TestTask.Domain", "TestTask.Domain\TestTask.Domain.csproj", "{64301A7E-2498-4C26-9E31-539172839745}"
EndProject
Project("{9A19103F-16F7-4668-BE54-9A1E7A4F7556}") = "TestTask.Infrastructure", "TestTask.Infrastructure\TestTask.Infrastructure.csproj", "{5FF0D2F2-7CFC-4D00-9685-BDC0ECEC7C6A}"
EndProject
Project("{2150E333-8FDC-42A3-9474-1A3956D46DE8}") = "tests", "tests", "{EEE151A0-3190-45AB-A7FB-F31F93C02590}"
EndProject
Project("{FAE04EC0-301F-11D3-BF4B-00C04F79EFBC}") = "TestTask.UnitTests", "TestTask.UnitTests\TestTask.UnitTests.csproj", "{98630019-9106-4B23-8012-12A34D05CFCB}"
EndProject
Global
	GlobalSection(SolutionConfigurationPlatforms) = preSolution
		Debug|Any CPU = Debug|Any CPU
		Release|Any CPU = Release|Any CPU
	EndGlobalSection
	GlobalSection(ProjectConfigurationPlatforms) = postSolution
		{CE360CA6-82A0-4032-A910-C487F49267A9}.Debug|Any CPU.ActiveCfg = Debug|Any CPU
		{CE360CA6-82A0-4032-A910-C487F49267A9}.Debug|Any CPU.Build.0 = Debug|Any CPU
		{CE360CA6-82A0-4032-A910-C487F49267A9}.Release|Any CPU.ActiveCfg = Release|Any CPU
		{CE360CA6-82A0-4032-A910-C487F49267A9}.Release|Any CPU.Build.0 = Release|Any CPU
		{18287CE4-F15B-43AB-AD90-0A4D14779EA1}.Debug|Any CPU.ActiveCfg = Debug|Any CPU
		{18287CE4-F15B-43AB-AD90-0A4D14779EA1}.Debug|Any CPU.Build.0 = Debug|Any CPU
		{18287CE4-F15B-43AB-AD90-0A4D14779EA1}.Release|Any CPU.ActiveCfg = Release|Any CPU
		{18287CE4-F15B-43AB-AD90-0A4D14779EA1}.Release|Any CPU.Build.0 = Release|Any CPU
		{64301A7E-2498-4C26-9E31-539172839745}.Debug|Any CPU.ActiveCfg = Debug|Any CPU
		{64301A7E-2498-4C26-9E31-539172839745}.Debug|Any CPU.Build.0 = Debug|Any CPU
		{64301A7E-2498-4C26-9E31-539172839745}.Release|Any CPU.ActiveCfg = Release|Any CPU
		{64301A7E-2498-4C26-9E31-539172839745}.Release|Any CPU.Build.0 = Release|Any CPU
		{5FF0D2F2-7CFC-4D00-9685-BDC0ECEC7C6A}.Debug|Any CPU.ActiveCfg = Debug|Any CPU
		{5FF0D2F2-7CFC-4D00-9685-BDC0ECEC7C6A}.Debug|Any CPU.Build.0 = Debug|Any CPU
		{5FF0D2F2-7CFC-4D00-9685-BDC0ECEC7C6A}.Release|Any CPU.ActiveCfg = Release|Any CPU
		{5FF0D2F2-7CFC-4D00-9685-BDC0ECEC7C6A}.Release|Any CPU.Build.0 = Release|Any CPU
		{98630019-9106-4B23-8012-12A34D05CFCB}.Debug|Any CPU.ActiveCfg = Debug|Any CPU
		{98630019-9106-4B23-8012-12A34D05CFCB}.Debug|Any CPU.Build.0 = Debug|Any CPU
		{98630019-9106-4B23-8012-12A34D05CFCB}.Release|Any CPU.ActiveCfg = Release|Any CPU
		{98630019-9106-4B23-8012-12A34D05CFCB}.Release|Any CPU.Build.0 = Release|Any CPU
	EndGlobalSection
	GlobalSection(SolutionProperties) = preSolution
		HideSolutionNode = FALSE
	EndGlobalSection
	GlobalSection(NestedProjects) = preSolution
		{98630019-9106-4B23-8012-12A34D05CFCB} = {EEE151A0-3190-45AB-A7FB-F31F93C02590}
	EndGlobalSection
	GlobalSection(ExtensibilityGlobals) = postSolution
		SolutionGuid = {F1136B63-B124-4E06-9727-0DD492E077F9}
	EndGlobalSection
EndGlobal
